// !$*UTF8*$!
{
	archiveVersion = 1;
	classes = {
	};
	objectVersion = 46;
	objects = {

/* Begin PBXBuildFile section */
		D16E9E6A1E450976008E674D /* PlayerDetailswindow.swift in Sources */ = {isa = PBXBuildFile; fileRef = D16E9E691E450976008E674D /* PlayerDetailswindow.swift */; };
		D16E9E6C1E450AE6008E674D /* ScoreBoardViewController.swift in Sources */ = {isa = PBXBuildFile; fileRef = D16E9E6B1E450AE6008E674D /* ScoreBoardViewController.swift */; };
		D16E9E6E1E457A18008E674D /* GameMenuController.swift in Sources */ = {isa = PBXBuildFile; fileRef = D16E9E6D1E457A18008E674D /* GameMenuController.swift */; };
		D16E9E701E457C1C008E674D /* GameScene.sks in Resources */ = {isa = PBXBuildFile; fileRef = D16E9E6F1E457C1C008E674D /* GameScene.sks */; };
		D16E9E731E45801F008E674D /* ScoreBoard.xcdatamodeld in Sources */ = {isa = PBXBuildFile; fileRef = D16E9E711E45801F008E674D /* ScoreBoard.xcdatamodeld */; };
		D1C8B1C41E41D14400C96EBD /* AppDelegate.swift in Sources */ = {isa = PBXBuildFile; fileRef = D1C8B1C31E41D14400C96EBD /* AppDelegate.swift */; };
		D1C8B1C81E41D14400C96EBD /* Actions.sks in Resources */ = {isa = PBXBuildFile; fileRef = D1C8B1C71E41D14400C96EBD /* Actions.sks */; };
		D1C8B1CA1E41D14400C96EBD /* GameScene.swift in Sources */ = {isa = PBXBuildFile; fileRef = D1C8B1C91E41D14400C96EBD /* GameScene.swift */; };
		D1C8B1CC1E41D14400C96EBD /* ViewController.swift in Sources */ = {isa = PBXBuildFile; fileRef = D1C8B1CB1E41D14400C96EBD /* ViewController.swift */; };
		D1C8B1CE1E41D14400C96EBD /* Assets.xcassets in Resources */ = {isa = PBXBuildFile; fileRef = D1C8B1CD1E41D14400C96EBD /* Assets.xcassets */; };
		D1C8B1D11E41D14400C96EBD /* Main.storyboard in Resources */ = {isa = PBXBuildFile; fileRef = D1C8B1CF1E41D14400C96EBD /* Main.storyboard */; };
		D1C8B1DD1E41D31800C96EBD /* Assets.xcassets in Resources */ = {isa = PBXBuildFile; fileRef = D1C8B1DB1E41D31800C96EBD /* Assets.xcassets */; };
		D1C8B1E11E41D91F00C96EBD /* GameData.swift in Sources */ = {isa = PBXBuildFile; fileRef = D1C8B1E01E41D91F00C96EBD /* GameData.swift */; };
		D1C8B1E41E41F21800C96EBD /* AVFoundation.framework in Frameworks */ = {isa = PBXBuildFile; fileRef = D1C8B1E31E41F21800C96EBD /* AVFoundation.framework */; };
		D1C8B1E81E41F6A100C96EBD /* bgmusic.mp3 in Resources */ = {isa = PBXBuildFile; fileRef = D1C8B1E71E41F6A100C96EBD /* bgmusic.mp3 */; };
/* End PBXBuildFile section */

/* Begin PBXFileReference section */
		D16E9E691E450976008E674D /* PlayerDetailswindow.swift */ = {isa = PBXFileReference; fileEncoding = 4; lastKnownFileType = sourcecode.swift; path = PlayerDetailswindow.swift; sourceTree = "<group>"; };
		D16E9E6B1E450AE6008E674D /* ScoreBoardViewController.swift */ = {isa = PBXFileReference; fileEncoding = 4; lastKnownFileType = sourcecode.swift; path = ScoreBoardViewController.swift; sourceTree = "<group>"; };
		D16E9E6D1E457A18008E674D /* GameMenuController.swift */ = {isa = PBXFileReference; fileEncoding = 4; lastKnownFileType = sourcecode.swift; path = GameMenuController.swift; sourceTree = "<group>"; };
		D16E9E6F1E457C1C008E674D /* GameScene.sks */ = {isa = PBXFileReference; lastKnownFileType = file.sks; path = GameScene.sks; sourceTree = "<group>"; };
		D16E9E721E45801F008E674D /* ScoreBoard.xcdatamodel */ = {isa = PBXFileReference; lastKnownFileType = wrapper.xcdatamodel; path = ScoreBoard.xcdatamodel; sourceTree = "<group>"; };
		D1C8B1C01E41D14400C96EBD /* CoreDataDemo.app */ = {isa = PBXFileReference; explicitFileType = wrapper.application; includeInIndex = 0; path = CoreDataDemo.app; sourceTree = BUILT_PRODUCTS_DIR; };
		D1C8B1C31E41D14400C96EBD /* AppDelegate.swift */ = {isa = PBXFileReference; lastKnownFileType = sourcecode.swift; path = AppDelegate.swift; sourceTree = "<group>"; };
		D1C8B1C71E41D14400C96EBD /* Actions.sks */ = {isa = PBXFileReference; lastKnownFileType = file.sks; path = Actions.sks; sourceTree = "<group>"; };
		D1C8B1C91E41D14400C96EBD /* GameScene.swift */ = {isa = PBXFileReference; lastKnownFileType = sourcecode.swift; path = GameScene.swift; sourceTree = "<group>"; };
		D1C8B1CB1E41D14400C96EBD /* ViewController.swift */ = {isa = PBXFileReference; lastKnownFileType = sourcecode.swift; path = ViewController.swift; sourceTree = "<group>"; };
		D1C8B1CD1E41D14400C96EBD /* Assets.xcassets */ = {isa = PBXFileReference; lastKnownFileType = folder.assetcatalog; path = Assets.xcassets; sourceTree = "<group>"; };
		D1C8B1D01E41D14400C96EBD /* Base */ = {isa = PBXFileReference; lastKnownFileType = file.storyboard; name = Base; path = Base.lproj/Main.storyboard; sourceTree = "<group>"; };
		D1C8B1D21E41D14400C96EBD /* Info.plist */ = {isa = PBXFileReference; lastKnownFileType = text.plist.xml; path = Info.plist; sourceTree = "<group>"; };
		D1C8B1DB1E41D31800C96EBD /* Assets.xcassets */ = {isa = PBXFileReference; lastKnownFileType = folder.assetcatalog; path = Assets.xcassets; sourceTree = "<group>"; };
		D1C8B1E01E41D91F00C96EBD /* GameData.swift */ = {isa = PBXFileReference; fileEncoding = 4; lastKnownFileType = sourcecode.swift; path = GameData.swift; sourceTree = "<group>"; };
		D1C8B1E31E41F21800C96EBD /* AVFoundation.framework */ = {isa = PBXFileReference; lastKnownFileType = wrapper.framework; name = AVFoundation.framework; path = System/Library/Frameworks/AVFoundation.framework; sourceTree = SDKROOT; };
		D1C8B1E71E41F6A100C96EBD /* bgmusic.mp3 */ = {isa = PBXFileReference; lastKnownFileType = audio.mp3; path = bgmusic.mp3; sourceTree = "<group>"; };
/* End PBXFileReference section */

/* Begin PBXFrameworksBuildPhase section */
		D1C8B1BD1E41D14400C96EBD /* Frameworks */ = {
			isa = PBXFrameworksBuildPhase;
			buildActionMask = 2147483647;
			files = (
				D1C8B1E41E41F21800C96EBD /* AVFoundation.framework in Frameworks */,
			);
			runOnlyForDeploymentPostprocessing = 0;
		};
/* End PBXFrameworksBuildPhase section */

/* Begin PBXGroup section */
		D1C8B1B71E41D14400C96EBD = {
			isa = PBXGroup;
			children = (
				D1C8B1DB1E41D31800C96EBD /* Assets.xcassets */,
				D1C8B1C21E41D14400C96EBD /* CoreDataDemo */,
				D1C8B1C11E41D14400C96EBD /* Products */,
				D1C8B1E21E41F21800C96EBD /* Frameworks */,
			);
			sourceTree = "<group>";
		};
		D1C8B1C11E41D14400C96EBD /* Products */ = {
			isa = PBXGroup;
			children = (
				D1C8B1C01E41D14400C96EBD /* CoreDataDemo.app */,
			);
			name = Products;
			sourceTree = "<group>";
		};
		D1C8B1C21E41D14400C96EBD /* CoreDataDemo */ = {
			isa = PBXGroup;
			children = (
				D1C8B1C31E41D14400C96EBD /* AppDelegate.swift */,
				D1C8B1C71E41D14400C96EBD /* Actions.sks */,
				D16E9E6F1E457C1C008E674D /* GameScene.sks */,
				D16E9E691E450976008E674D /* PlayerDetailswindow.swift */,
				D16E9E6D1E457A18008E674D /* GameMenuController.swift */,
				D16E9E6B1E450AE6008E674D /* ScoreBoardViewController.swift */,
				D16E9E711E45801F008E674D /* ScoreBoard.xcdatamodeld */,
				D1C8B1C91E41D14400C96EBD /* GameScene.swift */,
				D1C8B1E01E41D91F00C96EBD /* GameData.swift */,
				D1C8B1CB1E41D14400C96EBD /* ViewController.swift */,
				D1C8B1CD1E41D14400C96EBD /* Assets.xcassets */,
				D1C8B1E71E41F6A100C96EBD /* bgmusic.mp3 */,
				D1C8B1CF1E41D14400C96EBD /* Main.storyboard */,
				D1C8B1D21E41D14400C96EBD /* Info.plist */,
			);
			path = CoreDataDemo;
			sourceTree = "<group>";
		};
		D1C8B1E21E41F21800C96EBD /* Frameworks */ = {
			isa = PBXGroup;
			children = (
				D1C8B1E31E41F21800C96EBD /* AVFoundation.framework */,
			);
			name = Frameworks;
			sourceTree = "<group>";
		};
/* End PBXGroup section */

/* Begin PBXNativeTarget section */
		D1C8B1BF1E41D14400C96EBD /* CoreDataDemo */ = {
			isa = PBXNativeTarget;
			buildConfigurationList = D1C8B1D51E41D14400C96EBD /* Build configuration list for PBXNativeTarget "CoreDataDemo" */;
			buildPhases = (
				D1C8B1BC1E41D14400C96EBD /* Sources */,
				D1C8B1BD1E41D14400C96EBD /* Frameworks */,
				D1C8B1BE1E41D14400C96EBD /* Resources */,
			);
			buildRules = (
			);
			dependencies = (
			);
			name = CoreDataDemo;
			productName = CoreDataDemo;
			productReference = D1C8B1C01E41D14400C96EBD /* CoreDataDemo.app */;
			productType = "com.apple.product-type.application";
		};
/* End PBXNativeTarget section */

/* Begin PBXProject section */
		D1C8B1B81E41D14400C96EBD /* Project object */ = {
			isa = PBXProject;
			attributes = {
				LastSwiftUpdateCheck = 0810;
				LastUpgradeCheck = 0810;
				ORGANIZATIONNAME = Sujatha;
				TargetAttributes = {
					D1C8B1BF1E41D14400C96EBD = {
						CreatedOnToolsVersion = 8.1;
						DevelopmentTeam = P7627QH3SA;
						ProvisioningStyle = Automatic;
					};
				};
			};
			buildConfigurationList = D1C8B1BB1E41D14400C96EBD /* Build configuration list for PBXProject "CoreDataDemo" */;
			compatibilityVersion = "Xcode 3.2";
			developmentRegion = English;
			hasScannedForEncodings = 0;
			knownRegions = (
				en,
				Base,
			);
			mainGroup = D1C8B1B71E41D14400C96EBD;
			productRefGroup = D1C8B1C11E41D14400C96EBD /* Products */;
			projectDirPath = "";
			projectRoot = "";
			targets = (
				D1C8B1BF1E41D14400C96EBD /* CoreDataDemo */,
			);
		};
/* End PBXProject section */

/* Begin PBXResourcesBuildPhase section */
		D1C8B1BE1E41D14400C96EBD /* Resources */ = {
			isa = PBXResourcesBuildPhase;
			buildActionMask = 2147483647;
			files = (
				D1C8B1CE1E41D14400C96EBD /* Assets.xcassets in Resources */,
				D1C8B1E81E41F6A100C96EBD /* bgmusic.mp3 in Resources */,
				D1C8B1C81E41D14400C96EBD /* Actions.sks in Resources */,
				D1C8B1DD1E41D31800C96EBD /* Assets.xcassets in Resources */,
				D16E9E701E457C1C008E674D /* GameScene.sks in Resources */,
				D1C8B1D11E41D14400C96EBD /* Main.storyboard in Resources */,
			);
			runOnlyForDeploymentPostprocessing = 0;
		};
/* End PBXResourcesBuildPhase section */

/* Begin PBXSourcesBuildPhase section */
		D1C8B1BC1E41D14400C96EBD /* Sources */ = {
			isa = PBXSourcesBuildPhase;
			buildActionMask = 2147483647;
			files = (
				D1C8B1CC1E41D14400C96EBD /* ViewController.swift in Sources */,
				D1C8B1E11E41D91F00C96EBD /* GameData.swift in Sources */,
				D16E9E6A1E450976008E674D /* PlayerDetailswindow.swift in Sources */,
				D16E9E731E45801F008E674D /* ScoreBoard.xcdatamodeld in Sources */,
				D1C8B1CA1E41D14400C96EBD /* GameScene.swift in Sources */,
				D16E9E6C1E450AE6008E674D /* ScoreBoardViewController.swift in Sources */,
				D16E9E6E1E457A18008E674D /* GameMenuController.swift in Sources */,
				D1C8B1C41E41D14400C96EBD /* AppDelegate.swift in Sources */,
			);
			runOnlyForDeploymentPostprocessing = 0;
		};
/* End PBXSourcesBuildPhase section */

/* Begin PBXVariantGroup section */
		D1C8B1CF1E41D14400C96EBD /* Main.storyboard */ = {
			isa = PBXVariantGroup;
			children = (
				D1C8B1D01E41D14400C96EBD /* Base */,
			);
			name = Main.storyboard;
			sourceTree = "<group>";
		};
/* End PBXVariantGroup section */

/* Begin XCBuildConfiguration section */
		D1C8B1D31E41D14400C96EBD /* Debug */ = {
			isa = XCBuildConfiguration;
			buildSettings = {
				ALWAYS_SEARCH_USER_PATHS = NO;
				CLANG_ANALYZER_NONNULL = YES;
				CLANG_CXX_LANGUAGE_STANDARD = "gnu++0x";
				CLANG_CXX_LIBRARY = "libc++";
				CLANG_ENABLE_MODULES = YES;
				CLANG_ENABLE_OBJC_ARC = YES;
				CLANG_WARN_BOOL_CONVERSION = YES;
				CLANG_WARN_CONSTANT_CONVERSION = YES;
				CLANG_WARN_DIRECT_OBJC_ISA_USAGE = YES_ERROR;
				CLANG_WARN_DOCUMENTATION_COMMENTS = YES;
				CLANG_WARN_EMPTY_BODY = YES;
				CLANG_WARN_ENUM_CONVERSION = YES;
				CLANG_WARN_INFINITE_RECURSION = YES;
				CLANG_WARN_INT_CONVERSION = YES;
				CLANG_WARN_OBJC_ROOT_CLASS = YES_ERROR;
				CLANG_WARN_SUSPICIOUS_MOVES = YES;
				CLANG_WARN_UNREACHABLE_CODE = YES;
				CLANG_WARN__DUPLICATE_METHOD_MATCH = YES;
				CODE_SIGN_IDENTITY = "-";
				COPY_PHASE_STRIP = NO;
				DEBUG_INFORMATION_FORMAT = dwarf;
				ENABLE_STRICT_OBJC_MSGSEND = YES;
				ENABLE_TESTABILITY = YES;
				GCC_C_LANGUAGE_STANDARD = gnu99;
				GCC_DYNAMIC_NO_PIC = NO;
				GCC_NO_COMMON_BLOCKS = YES;
				GCC_OPTIMIZATION_LEVEL = 0;
				GCC_PREPROCESSOR_DEFINITIONS = (
					"DEBUG=1",
					"$(inherited)",
				);
				GCC_WARN_64_TO_32_BIT_CONVERSION = YES;
				GCC_WARN_ABOUT_RETURN_TYPE = YES_ERROR;
				GCC_WARN_UNDECLARED_SELECTOR = YES;
				GCC_WARN_UNINITIALIZED_AUTOS = YES_AGGRESSIVE;
				GCC_WARN_UNUSED_FUNCTION = YES;
				GCC_WARN_UNUSED_VARIABLE = YES;
				MACOSX_DEPLOYMENT_TARGET = 10.12;
				MTL_ENABLE_DEBUG_INFO = YES;
				ONLY_ACTIVE_ARCH = YES;
				SDKROOT = macosx;
				SWIFT_ACTIVE_COMPILATION_CONDITIONS = DEBUG;
				SWIFT_OPTIMIZATION_LEVEL = "-Onone";
			};
			name = Debug;
		};
		D1C8B1D41E41D14400C96EBD /* Release */ = {
			isa = XCBuildConfiguration;
			buildSettings = {
				ALWAYS_SEARCH_USER_PATHS = NO;
				CLANG_ANALYZER_NONNULL = YES;
				CLANG_CXX_LANGUAGE_STANDARD = "gnu++0x";
				CLANG_CXX_LIBRARY = "libc++";
				CLANG_ENABLE_MODULES = YES;
				CLANG_ENABLE_OBJC_ARC = YES;
				CLANG_WARN_BOOL_CONVERSION = YES;
				CLANG_WARN_CONSTANT_CONVERSION = YES;
				CLANG_WARN_DIRECT_OBJC_ISA_USAGE = YES_ERROR;
				CLANG_WARN_DOCUMENTATION_COMMENTS = YES;
				CLANG_WARN_EMPTY_BODY = YES;
				CLANG_WARN_ENUM_CONVERSION = YES;
				CLANG_WARN_INFINITE_RECURSION = YES;
				CLANG_WARN_INT_CONVERSION = YES;
				CLANG_WARN_OBJC_ROOT_CLASS = YES_ERROR;
				CLANG_WARN_SUSPICIOUS_MOVES = YES;
				CLANG_WARN_UNREACHABLE_CODE = YES;
				CLANG_WARN__DUPLICATE_METHOD_MATCH = YES;
				CODE_SIGN_IDENTITY = "-";
				COPY_PHASE_STRIP = NO;
				DEBUG_INFORMATION_FORMAT = "dwarf-with-dsym";
				ENABLE_NS_ASSERTIONS = NO;
				ENABLE_STRICT_OBJC_MSGSEND = YES;
				GCC_C_LANGUAGE_STANDARD = gnu99;
				GCC_NO_COMMON_BLOCKS = YES;
				GCC_WARN_64_TO_32_BIT_CONVERSION = YES;
				GCC_WARN_ABOUT_RETURN_TYPE = YES_ERROR;
				GCC_WARN_UNDECLARED_SELECTOR = YES;
				GCC_WARN_UNINITIALIZED_AUTOS = YES_AGGRESSIVE;
				GCC_WARN_UNUSED_FUNCTION = YES;
				GCC_WARN_UNUSED_VARIABLE = YES;
				MACOSX_DEPLOYMENT_TARGET = 10.12;
				MTL_ENABLE_DEBUG_INFO = NO;
				SDKROOT = macosx;
				SWIFT_OPTIMIZATION_LEVEL = "-Owholemodule";
			};
			name = Release;
		};
		D1C8B1D61E41D14400C96EBD /* Debug */ = {
			isa = XCBuildConfiguration;
			buildSettings = {
				ASSETCATALOG_COMPILER_APPICON_NAME = AppIcon;
				COMBINE_HIDPI_IMAGES = YES;
				DEVELOPMENT_TEAM = P7627QH3SA;
				INFOPLIST_FILE = CoreDataDemo/Info.plist;
				LD_RUNPATH_SEARCH_PATHS = "$(inherited) @executable_path/../Frameworks";
				MACOSX_DEPLOYMENT_TARGET = 10.12;
				PRODUCT_BUNDLE_IDENTIFIER = Sujatha.CoreDataDemo;
				PRODUCT_NAME = "$(TARGET_NAME)";
				SWIFT_VERSION = 3.0;
			};
			name = Debug;
		};
		D1C8B1D71E41D14400C96EBD /* Release */ = {
			isa = XCBuildConfiguration;
			buildSettings = {
				ASSETCATALOG_COMPILER_APPICON_NAME = AppIcon;
				COMBINE_HIDPI_IMAGES = YES;
				DEVELOPMENT_TEAM = P7627QH3SA;
				INFOPLIST_FILE = CoreDataDemo/Info.plist;
				LD_RUNPATH_SEARCH_PATHS = "$(inherited) @executable_path/../Frameworks";
				MACOSX_DEPLOYMENT_TARGET = 10.12;
				PRODUCT_BUNDLE_IDENTIFIER = Sujatha.CoreDataDemo;
				PRODUCT_NAME = "$(TARGET_NAME)";
				SWIFT_VERSION = 3.0;
			};
			name = Release;
		};
/* End XCBuildConfiguration section */

/* Begin XCConfigurationList section */
		D1C8B1BB1E41D14400C96EBD /* Build configuration list for PBXProject "CoreDataDemo" */ = {
			isa = XCConfigurationList;
			buildConfigurations = (
				D1C8B1D31E41D14400C96EBD /* Debug */,
				D1C8B1D41E41D14400C96EBD /* Release */,
			);
			defaultConfigurationIsVisible = 0;
			defaultConfigurationName = Release;
		};
		D1C8B1D51E41D14400C96EBD /* Build configuration list for PBXNativeTarget "CoreDataDemo" */ = {
			isa = XCConfigurationList;
			buildConfigurations = (
				D1C8B1D61E41D14400C96EBD /* Debug */,
				D1C8B1D71E41D14400C96EBD /* Release */,
			);
			defaultConfigurationIsVisible = 0;
			defaultConfigurationName = Release;
		};
/* End XCConfigurationList section */

/* Begin XCVersionGroup section */
		D16E9E711E45801F008E674D /* ScoreBoard.xcdatamodeld */ = {
			isa = XCVersionGroup;
			children = (
				D16E9E721E45801F008E674D /* ScoreBoard.xcdatamodel */,
			);
			currentVersion = D16E9E721E45801F008E674D /* ScoreBoard.xcdatamodel */;
			path = ScoreBoard.xcdatamodeld;
			sourceTree = "<group>";
			versionGroupType = wrapper.xcdatamodel;
		};
/* End XCVersionGroup section */
	};
	rootObject = D1C8B1B81E41D14400C96EBD /* Project object */;
}
